
Microsoft Visual Studio Solution File, Format Version 12.00
Project("{FAE04EC0-301F-11D3-BF4B-00C04F79EFBC}") = "Web", "Web\Web.csproj", "{948D9A75-ED91-4B2C-A0E5-0A2F0E179C5C}"
EndProject
Global
	GlobalSection(SolutionConfigurationPlatforms) = preSolution
		Debug|Any CPU = Debug|Any CPU
		Release|Any CPU = Release|Any CPU
	EndGlobalSection
	GlobalSection(ProjectConfigurationPlatforms) = postSolution
		{948D9A75-ED91-4B2C-A0E5-0A2F0E179C5C}.Debug|Any CPU.ActiveCfg = Debug|Any CPU
		{948D9A75-ED91-4B2C-A0E5-0A2F0E179C5C}.Debug|Any CPU.Build.0 = Debug|Any CPU
		{948D9A75-ED91-4B2C-A0E5-0A2F0E179C5C}.Release|Any CPU.ActiveCfg = Release|Any CPU
		{948D9A75-ED91-4B2C-A0E5-0A2F0E179C5C}.Release|Any CPU.Build.0 = Release|Any CPU
	EndGlobalSection
EndGlobal
